// !$*UTF8*$!
{
	archiveVersion = 1;
	classes = {
	};
	objectVersion = 55;
	objects = {

/* Begin PBXBuildFile section */
		111F5BD72861EAF2003FC6A5 /* PaginateAPIApp.swift in Sources */ = {isa = PBXBuildFile; fileRef = 111F5BD62861EAF2003FC6A5 /* PaginateAPIApp.swift */; };
		111F5BD92861EAF2003FC6A5 /* HomeView.swift in Sources */ = {isa = PBXBuildFile; fileRef = 111F5BD82861EAF2003FC6A5 /* HomeView.swift */; };
		111F5BDB2861EAF8003FC6A5 /* Assets.xcassets in Resources */ = {isa = PBXBuildFile; fileRef = 111F5BDA2861EAF8003FC6A5 /* Assets.xcassets */; };
		111F5BDE2861EAF8003FC6A5 /* Preview Assets.xcassets in Resources */ = {isa = PBXBuildFile; fileRef = 111F5BDD2861EAF8003FC6A5 /* Preview Assets.xcassets */; };
		111F5BE82861EAF8003FC6A5 /* PaginateAPITests.swift in Sources */ = {isa = PBXBuildFile; fileRef = 111F5BE72861EAF8003FC6A5 /* PaginateAPITests.swift */; };
		111F5BF22861EAF8003FC6A5 /* PaginateAPIUITests.swift in Sources */ = {isa = PBXBuildFile; fileRef = 111F5BF12861EAF8003FC6A5 /* PaginateAPIUITests.swift */; };
		111F5BF42861EAF8003FC6A5 /* PaginateAPIUITestsLaunchTests.swift in Sources */ = {isa = PBXBuildFile; fileRef = 111F5BF32861EAF8003FC6A5 /* PaginateAPIUITestsLaunchTests.swift */; };
		111F5C042861F658003FC6A5 /* MarketsView.swift in Sources */ = {isa = PBXBuildFile; fileRef = 111F5C032861F658003FC6A5 /* MarketsView.swift */; };
/* End PBXBuildFile section */

/* Begin PBXContainerItemProxy section */
		111F5BE42861EAF8003FC6A5 /* PBXContainerItemProxy */ = {
			isa = PBXContainerItemProxy;
			containerPortal = 111F5BCB2861EAF2003FC6A5 /* Project object */;
			proxyType = 1;
			remoteGlobalIDString = 111F5BD22861EAF2003FC6A5;
			remoteInfo = PaginateAPI;
		};
		111F5BEE2861EAF8003FC6A5 /* PBXContainerItemProxy */ = {
			isa = PBXContainerItemProxy;
			containerPortal = 111F5BCB2861EAF2003FC6A5 /* Project object */;
			proxyType = 1;
			remoteGlobalIDString = 111F5BD22861EAF2003FC6A5;
			remoteInfo = PaginateAPI;
		};
/* End PBXContainerItemProxy section */

/* Begin PBXFileReference section */
		111F5BD32861EAF2003FC6A5 /* PaginateAPI.app */ = {isa = PBXFileReference; explicitFileType = wrapper.application; includeInIndex = 0; path = PaginateAPI.app; sourceTree = BUILT_PRODUCTS_DIR; };
		111F5BD62861EAF2003FC6A5 /* PaginateAPIApp.swift */ = {isa = PBXFileReference; lastKnownFileType = sourcecode.swift; path = PaginateAPIApp.swift; sourceTree = "<group>"; };
		111F5BD82861EAF2003FC6A5 /* HomeView.swift */ = {isa = PBXFileReference; lastKnownFileType = sourcecode.swift; path = HomeView.swift; sourceTree = "<group>"; };
		111F5BDA2861EAF8003FC6A5 /* Assets.xcassets */ = {isa = PBXFileReference; lastKnownFileType = folder.assetcatalog; path = Assets.xcassets; sourceTree = "<group>"; };
		111F5BDD2861EAF8003FC6A5 /* Preview Assets.xcassets */ = {isa = PBXFileReference; lastKnownFileType = folder.assetcatalog; path = "Preview Assets.xcassets"; sourceTree = "<group>"; };
		111F5BE32861EAF8003FC6A5 /* PaginateAPITests.xctest */ = {isa = PBXFileReference; explicitFileType = wrapper.cfbundle; includeInIndex = 0; path = PaginateAPITests.xctest; sourceTree = BUILT_PRODUCTS_DIR; };
		111F5BE72861EAF8003FC6A5 /* PaginateAPITests.swift */ = {isa = PBXFileReference; lastKnownFileType = sourcecode.swift; path = PaginateAPITests.swift; sourceTree = "<group>"; };
		111F5BED2861EAF8003FC6A5 /* PaginateAPIUITests.xctest */ = {isa = PBXFileReference; explicitFileType = wrapper.cfbundle; includeInIndex = 0; path = PaginateAPIUITests.xctest; sourceTree = BUILT_PRODUCTS_DIR; };
		111F5BF12861EAF8003FC6A5 /* PaginateAPIUITests.swift */ = {isa = PBXFileReference; lastKnownFileType = sourcecode.swift; path = PaginateAPIUITests.swift; sourceTree = "<group>"; };
		111F5BF32861EAF8003FC6A5 /* PaginateAPIUITestsLaunchTests.swift */ = {isa = PBXFileReference; lastKnownFileType = sourcecode.swift; path = PaginateAPIUITestsLaunchTests.swift; sourceTree = "<group>"; };
		111F5C032861F658003FC6A5 /* MarketsView.swift */ = {isa = PBXFileReference; lastKnownFileType = sourcecode.swift; path = MarketsView.swift; sourceTree = "<group>"; };
/* End PBXFileReference section */

/* Begin PBXFrameworksBuildPhase section */
		111F5BD02861EAF2003FC6A5 /* Frameworks */ = {
			isa = PBXFrameworksBuildPhase;
			buildActionMask = 2147483647;
			files = (
			);
			runOnlyForDeploymentPostprocessing = 0;
		};
		111F5BE02861EAF8003FC6A5 /* Frameworks */ = {
			isa = PBXFrameworksBuildPhase;
			buildActionMask = 2147483647;
			files = (
			);
			runOnlyForDeploymentPostprocessing = 0;
		};
		111F5BEA2861EAF8003FC6A5 /* Frameworks */ = {
			isa = PBXFrameworksBuildPhase;
			buildActionMask = 2147483647;
			files = (
			);
			runOnlyForDeploymentPostprocessing = 0;
		};
/* End PBXFrameworksBuildPhase section */

/* Begin PBXGroup section */
		111F5BCA2861EAF2003FC6A5 = {
			isa = PBXGroup;
			children = (
				111F5BD52861EAF2003FC6A5 /* PaginateAPI */,
				111F5BE62861EAF8003FC6A5 /* PaginateAPITests */,
				111F5BF02861EAF8003FC6A5 /* PaginateAPIUITests */,
				111F5BD42861EAF2003FC6A5 /* Products */,
			);
			sourceTree = "<group>";
		};
		111F5BD42861EAF2003FC6A5 /* Products */ = {
			isa = PBXGroup;
			children = (
				111F5BD32861EAF2003FC6A5 /* PaginateAPI.app */,
				111F5BE32861EAF8003FC6A5 /* PaginateAPITests.xctest */,
				111F5BED2861EAF8003FC6A5 /* PaginateAPIUITests.xctest */,
			);
			name = Products;
			sourceTree = "<group>";
		};
		111F5BD52861EAF2003FC6A5 /* PaginateAPI */ = {
			isa = PBXGroup;
			children = (
				111F5C012861F2CE003FC6A5 /* Models */,
				111F5C002861F2C6003FC6A5 /* Views */,
				111F5C022861F399003FC6A5 /* OtherFiles */,
				111F5BDC2861EAF8003FC6A5 /* Preview Content */,
			);
			path = PaginateAPI;
			sourceTree = "<group>";
		};
		111F5BDC2861EAF8003FC6A5 /* Preview Content */ = {
			isa = PBXGroup;
			children = (
				111F5BDD2861EAF8003FC6A5 /* Preview Assets.xcassets */,
			);
			path = "Preview Content";
			sourceTree = "<group>";
		};
		111F5BE62861EAF8003FC6A5 /* PaginateAPITests */ = {
			isa = PBXGroup;
			children = (
				111F5BE72861EAF8003FC6A5 /* PaginateAPITests.swift */,
			);
			path = PaginateAPITests;
			sourceTree = "<group>";
		};
		111F5BF02861EAF8003FC6A5 /* PaginateAPIUITests */ = {
			isa = PBXGroup;
			children = (
				111F5BF12861EAF8003FC6A5 /* PaginateAPIUITests.swift */,
				111F5BF32861EAF8003FC6A5 /* PaginateAPIUITestsLaunchTests.swift */,
			);
			path = PaginateAPIUITests;
			sourceTree = "<group>";
		};
		111F5C002861F2C6003FC6A5 /* Views */ = {
			isa = PBXGroup;
			children = (
				111F5BD82861EAF2003FC6A5 /* HomeView.swift */,
				111F5C032861F658003FC6A5 /* MarketsView.swift */,
			);
			path = Views;
			sourceTree = "<group>";
		};
		111F5C012861F2CE003FC6A5 /* Models */ = {
			isa = PBXGroup;
			children = (
			);
			path = Models;
			sourceTree = "<group>";
		};
		111F5C022861F399003FC6A5 /* OtherFiles */ = {
			isa = PBXGroup;
			children = (
				111F5BD62861EAF2003FC6A5 /* PaginateAPIApp.swift */,
				111F5BDA2861EAF8003FC6A5 /* Assets.xcassets */,
			);
			path = OtherFiles;
			sourceTree = "<group>";
		};
/* End PBXGroup section */

/* Begin PBXNativeTarget section */
		111F5BD22861EAF2003FC6A5 /* PaginateAPI */ = {
			isa = PBXNativeTarget;
			buildConfigurationList = 111F5BF72861EAF8003FC6A5 /* Build configuration list for PBXNativeTarget "PaginateAPI" */;
			buildPhases = (
				111F5BCF2861EAF2003FC6A5 /* Sources */,
				111F5BD02861EAF2003FC6A5 /* Frameworks */,
				111F5BD12861EAF2003FC6A5 /* Resources */,
			);
			buildRules = (
			);
			dependencies = (
			);
			name = PaginateAPI;
			productName = PaginateAPI;
			productReference = 111F5BD32861EAF2003FC6A5 /* PaginateAPI.app */;
			productType = "com.apple.product-type.application";
		};
		111F5BE22861EAF8003FC6A5 /* PaginateAPITests */ = {
			isa = PBXNativeTarget;
			buildConfigurationList = 111F5BFA2861EAF8003FC6A5 /* Build configuration list for PBXNativeTarget "PaginateAPITests" */;
			buildPhases = (
				111F5BDF2861EAF8003FC6A5 /* Sources */,
				111F5BE02861EAF8003FC6A5 /* Frameworks */,
				111F5BE12861EAF8003FC6A5 /* Resources */,
			);
			buildRules = (
			);
			dependencies = (
				111F5BE52861EAF8003FC6A5 /* PBXTargetDependency */,
			);
			name = PaginateAPITests;
			productName = PaginateAPITests;
			productReference = 111F5BE32861EAF8003FC6A5 /* PaginateAPITests.xctest */;
			productType = "com.apple.product-type.bundle.unit-test";
		};
		111F5BEC2861EAF8003FC6A5 /* PaginateAPIUITests */ = {
			isa = PBXNativeTarget;
			buildConfigurationList = 111F5BFD2861EAF8003FC6A5 /* Build configuration list for PBXNativeTarget "PaginateAPIUITests" */;
			buildPhases = (
				111F5BE92861EAF8003FC6A5 /* Sources */,
				111F5BEA2861EAF8003FC6A5 /* Frameworks */,
				111F5BEB2861EAF8003FC6A5 /* Resources */,
			);
			buildRules = (
			);
			dependencies = (
				111F5BEF2861EAF8003FC6A5 /* PBXTargetDependency */,
			);
			name = PaginateAPIUITests;
			productName = PaginateAPIUITests;
			productReference = 111F5BED2861EAF8003FC6A5 /* PaginateAPIUITests.xctest */;
			productType = "com.apple.product-type.bundle.ui-testing";
		};
/* End PBXNativeTarget section */

/* Begin PBXProject section */
		111F5BCB2861EAF2003FC6A5 /* Project object */ = {
			isa = PBXProject;
			attributes = {
				BuildIndependentTargetsInParallel = 1;
				LastSwiftUpdateCheck = 1310;
				LastUpgradeCheck = 1310;
				TargetAttributes = {
					111F5BD22861EAF2003FC6A5 = {
						CreatedOnToolsVersion = 13.1;
					};
					111F5BE22861EAF8003FC6A5 = {
						CreatedOnToolsVersion = 13.1;
						TestTargetID = 111F5BD22861EAF2003FC6A5;
					};
					111F5BEC2861EAF8003FC6A5 = {
						CreatedOnToolsVersion = 13.1;
						TestTargetID = 111F5BD22861EAF2003FC6A5;
					};
				};
			};
			buildConfigurationList = 111F5BCE2861EAF2003FC6A5 /* Build configuration list for PBXProject "PaginateAPI" */;
			compatibilityVersion = "Xcode 13.0";
			developmentRegion = en;
			hasScannedForEncodings = 0;
			knownRegions = (
				en,
				Base,
			);
			mainGroup = 111F5BCA2861EAF2003FC6A5;
			productRefGroup = 111F5BD42861EAF2003FC6A5 /* Products */;
			projectDirPath = "";
			projectRoot = "";
			targets = (
				111F5BD22861EAF2003FC6A5 /* PaginateAPI */,
				111F5BE22861EAF8003FC6A5 /* PaginateAPITests */,
				111F5BEC2861EAF8003FC6A5 /* PaginateAPIUITests */,
			);
		};
/* End PBXProject section */

/* Begin PBXResourcesBuildPhase section */
		111F5BD12861EAF2003FC6A5 /* Resources */ = {
			isa = PBXResourcesBuildPhase;
			buildActionMask = 2147483647;
			files = (
				111F5BDE2861EAF8003FC6A5 /* Preview Assets.xcassets in Resources */,
				111F5BDB2861EAF8003FC6A5 /* Assets.xcassets in Resources */,
			);
			runOnlyForDeploymentPostprocessing = 0;
		};
		111F5BE12861EAF8003FC6A5 /* Resources */ = {
			isa = PBXResourcesBuildPhase;
			buildActionMask = 2147483647;
			files = (
			);
			runOnlyForDeploymentPostprocessing = 0;
		};
		111F5BEB2861EAF8003FC6A5 /* Resources */ = {
			isa = PBXResourcesBuildPhase;
			buildActionMask = 2147483647;
			files = (
			);
			runOnlyForDeploymentPostprocessing = 0;
		};
/* End PBXResourcesBuildPhase section */

/* Begin PBXSourcesBuildPhase section */
		111F5BCF2861EAF2003FC6A5 /* Sources */ = {
			isa = PBXSourcesBuildPhase;
			buildActionMask = 2147483647;
			files = (
				111F5C042861F658003FC6A5 /* MarketsView.swift in Sources */,
				111F5BD92861EAF2003FC6A5 /* HomeView.swift in Sources */,
				111F5BD72861EAF2003FC6A5 /* PaginateAPIApp.swift in Sources */,
			);
			runOnlyForDeploymentPostprocessing = 0;
		};
		111F5BDF2861EAF8003FC6A5 /* Sources */ = {
			isa = PBXSourcesBuildPhase;
			buildActionMask = 2147483647;
			files = (
				111F5BE82861EAF8003FC6A5 /* PaginateAPITests.swift in Sources */,
			);
			runOnlyForDeploymentPostprocessing = 0;
		};
		111F5BE92861EAF8003FC6A5 /* Sources */ = {
			isa = PBXSourcesBuildPhase;
			buildActionMask = 2147483647;
			files = (
				111F5BF42861EAF8003FC6A5 /* PaginateAPIUITestsLaunchTests.swift in Sources */,
				111F5BF22861EAF8003FC6A5 /* PaginateAPIUITests.swift in Sources */,
			);
			runOnlyForDeploymentPostprocessing = 0;
		};
/* End PBXSourcesBuildPhase section */

/* Begin PBXTargetDependency section */
		111F5BE52861EAF8003FC6A5 /* PBXTargetDependency */ = {
			isa = PBXTargetDependency;
			target = 111F5BD22861EAF2003FC6A5 /* PaginateAPI */;
			targetProxy = 111F5BE42861EAF8003FC6A5 /* PBXContainerItemProxy */;
		};
		111F5BEF2861EAF8003FC6A5 /* PBXTargetDependency */ = {
			isa = PBXTargetDependency;
			target = 111F5BD22861EAF2003FC6A5 /* PaginateAPI */;
			targetProxy = 111F5BEE2861EAF8003FC6A5 /* PBXContainerItemProxy */;
		};
/* End PBXTargetDependency section */

/* Begin XCBuildConfiguration section */
		111F5BF52861EAF8003FC6A5 /* Debug */ = {
			isa = XCBuildConfiguration;
			buildSettings = {
				ALWAYS_SEARCH_USER_PATHS = NO;
				CLANG_ANALYZER_NONNULL = YES;
				CLANG_ANALYZER_NUMBER_OBJECT_CONVERSION = YES_AGGRESSIVE;
				CLANG_CXX_LANGUAGE_STANDARD = "gnu++17";
				CLANG_CXX_LIBRARY = "libc++";
				CLANG_ENABLE_MODULES = YES;
				CLANG_ENABLE_OBJC_ARC = YES;
				CLANG_ENABLE_OBJC_WEAK = YES;
				CLANG_WARN_BLOCK_CAPTURE_AUTORELEASING = YES;
				CLANG_WARN_BOOL_CONVERSION = YES;
				CLANG_WARN_COMMA = YES;
				CLANG_WARN_CONSTANT_CONVERSION = YES;
				CLANG_WARN_DEPRECATED_OBJC_IMPLEMENTATIONS = YES;
				CLANG_WARN_DIRECT_OBJC_ISA_USAGE = YES_ERROR;
				CLANG_WARN_DOCUMENTATION_COMMENTS = YES;
				CLANG_WARN_EMPTY_BODY = YES;
				CLANG_WARN_ENUM_CONVERSION = YES;
				CLANG_WARN_INFINITE_RECURSION = YES;
				CLANG_WARN_INT_CONVERSION = YES;
				CLANG_WARN_NON_LITERAL_NULL_CONVERSION = YES;
				CLANG_WARN_OBJC_IMPLICIT_RETAIN_SELF = YES;
				CLANG_WARN_OBJC_LITERAL_CONVERSION = YES;
				CLANG_WARN_OBJC_ROOT_CLASS = YES_ERROR;
				CLANG_WARN_QUOTED_INCLUDE_IN_FRAMEWORK_HEADER = YES;
				CLANG_WARN_RANGE_LOOP_ANALYSIS = YES;
				CLANG_WARN_STRICT_PROTOTYPES = YES;
				CLANG_WARN_SUSPICIOUS_MOVE = YES;
				CLANG_WARN_UNGUARDED_AVAILABILITY = YES_AGGRESSIVE;
				CLANG_WARN_UNREACHABLE_CODE = YES;
				CLANG_WARN__DUPLICATE_METHOD_MATCH = YES;
				COPY_PHASE_STRIP = NO;
				DEBUG_INFORMATION_FORMAT = dwarf;
				ENABLE_STRICT_OBJC_MSGSEND = YES;
				ENABLE_TESTABILITY = YES;
				GCC_C_LANGUAGE_STANDARD = gnu11;
				GCC_DYNAMIC_NO_PIC = NO;
				GCC_NO_COMMON_BLOCKS = YES;
				GCC_OPTIMIZATION_LEVEL = 0;
				GCC_PREPROCESSOR_DEFINITIONS = (
					"DEBUG=1",
					"$(inherited)",
				);
				GCC_WARN_64_TO_32_BIT_CONVERSION = YES;
				GCC_WARN_ABOUT_RETURN_TYPE = YES_ERROR;
				GCC_WARN_UNDECLARED_SELECTOR = YES;
				GCC_WARN_UNINITIALIZED_AUTOS = YES_AGGRESSIVE;
				GCC_WARN_UNUSED_FUNCTION = YES;
				GCC_WARN_UNUSED_VARIABLE = YES;
				IPHONEOS_DEPLOYMENT_TARGET = 15.0;
				MTL_ENABLE_DEBUG_INFO = INCLUDE_SOURCE;
				MTL_FAST_MATH = YES;
				ONLY_ACTIVE_ARCH = YES;
				SDKROOT = iphoneos;
				SWIFT_ACTIVE_COMPILATION_CONDITIONS = DEBUG;
				SWIFT_OPTIMIZATION_LEVEL = "-Onone";
			};
			name = Debug;
		};
		111F5BF62861EAF8003FC6A5 /* Release */ = {
			isa = XCBuildConfiguration;
			buildSettings = {
				ALWAYS_SEARCH_USER_PATHS = NO;
				CLANG_ANALYZER_NONNULL = YES;
				CLANG_ANALYZER_NUMBER_OBJECT_CONVERSION = YES_AGGRESSIVE;
				CLANG_CXX_LANGUAGE_STANDARD = "gnu++17";
				CLANG_CXX_LIBRARY = "libc++";
				CLANG_ENABLE_MODULES = YES;
				CLANG_ENABLE_OBJC_ARC = YES;
				CLANG_ENABLE_OBJC_WEAK = YES;
				CLANG_WARN_BLOCK_CAPTURE_AUTORELEASING = YES;
				CLANG_WARN_BOOL_CONVERSION = YES;
				CLANG_WARN_COMMA = YES;
				CLANG_WARN_CONSTANT_CONVERSION = YES;
				CLANG_WARN_DEPRECATED_OBJC_IMPLEMENTATIONS = YES;
				CLANG_WARN_DIRECT_OBJC_ISA_USAGE = YES_ERROR;
				CLANG_WARN_DOCUMENTATION_COMMENTS = YES;
				CLANG_WARN_EMPTY_BODY = YES;
				CLANG_WARN_ENUM_CONVERSION = YES;
				CLANG_WARN_INFINITE_RECURSION = YES;
				CLANG_WARN_INT_CONVERSION = YES;
				CLANG_WARN_NON_LITERAL_NULL_CONVERSION = YES;
				CLANG_WARN_OBJC_IMPLICIT_RETAIN_SELF = YES;
				CLANG_WARN_OBJC_LITERAL_CONVERSION = YES;
				CLANG_WARN_OBJC_ROOT_CLASS = YES_ERROR;
				CLANG_WARN_QUOTED_INCLUDE_IN_FRAMEWORK_HEADER = YES;
				CLANG_WARN_RANGE_LOOP_ANALYSIS = YES;
				CLANG_WARN_STRICT_PROTOTYPES = YES;
				CLANG_WARN_SUSPICIOUS_MOVE = YES;
				CLANG_WARN_UNGUARDED_AVAILABILITY = YES_AGGRESSIVE;
				CLANG_WARN_UNREACHABLE_CODE = YES;
				CLANG_WARN__DUPLICATE_METHOD_MATCH = YES;
				COPY_PHASE_STRIP = NO;
				DEBUG_INFORMATION_FORMAT = "dwarf-with-dsym";
				ENABLE_NS_ASSERTIONS = NO;
				ENABLE_STRICT_OBJC_MSGSEND = YES;
				GCC_C_LANGUAGE_STANDARD = gnu11;
				GCC_NO_COMMON_BLOCKS = YES;
				GCC_WARN_64_TO_32_BIT_CONVERSION = YES;
				GCC_WARN_ABOUT_RETURN_TYPE = YES_ERROR;
				GCC_WARN_UNDECLARED_SELECTOR = YES;
				GCC_WARN_UNINITIALIZED_AUTOS = YES_AGGRESSIVE;
				GCC_WARN_UNUSED_FUNCTION = YES;
				GCC_WARN_UNUSED_VARIABLE = YES;
				IPHONEOS_DEPLOYMENT_TARGET = 15.0;
				MTL_ENABLE_DEBUG_INFO = NO;
				MTL_FAST_MATH = YES;
				SDKROOT = iphoneos;
				SWIFT_COMPILATION_MODE = wholemodule;
				SWIFT_OPTIMIZATION_LEVEL = "-O";
				VALIDATE_PRODUCT = YES;
			};
			name = Release;
		};
		111F5BF82861EAF8003FC6A5 /* Debug */ = {
			isa = XCBuildConfiguration;
			buildSettings = {
				ASSETCATALOG_COMPILER_APPICON_NAME = AppIcon;
				ASSETCATALOG_COMPILER_GLOBAL_ACCENT_COLOR_NAME = AccentColor;
				CODE_SIGN_STYLE = Automatic;
				CURRENT_PROJECT_VERSION = 1;
				DEVELOPMENT_ASSET_PATHS = "\"PaginateAPI/Preview Content\"";
				DEVELOPMENT_TEAM = ZW257C9QUL;
				ENABLE_PREVIEWS = YES;
				GENERATE_INFOPLIST_FILE = YES;
				INFOPLIST_KEY_UIApplicationSceneManifest_Generation = YES;
				INFOPLIST_KEY_UIApplicationSupportsIndirectInputEvents = YES;
				INFOPLIST_KEY_UILaunchScreen_Generation = YES;
				INFOPLIST_KEY_UISupportedInterfaceOrientations_iPad = "UIInterfaceOrientationPortrait UIInterfaceOrientationPortraitUpsideDown UIInterfaceOrientationLandscapeLeft UIInterfaceOrientationLandscapeRight";
				INFOPLIST_KEY_UISupportedInterfaceOrientations_iPhone = "UIInterfaceOrientationPortrait UIInterfaceOrientationLandscapeLeft UIInterfaceOrientationLandscapeRight";
				LD_RUNPATH_SEARCH_PATHS = (
					"$(inherited)",
					"@executable_path/Frameworks",
				);
				MARKETING_VERSION = 1.0;
				PRODUCT_BUNDLE_IDENTIFIER = thatspock.PaginateAPI;
				PRODUCT_NAME = "$(TARGET_NAME)";
				SWIFT_EMIT_LOC_STRINGS = YES;
				SWIFT_VERSION = 5.0;
				TARGETED_DEVICE_FAMILY = "1,2";
			};
			name = Debug;
		};
		111F5BF92861EAF8003FC6A5 /* Release */ = {
			isa = XCBuildConfiguration;
			buildSettings = {
				ASSETCATALOG_COMPILER_APPICON_NAME = AppIcon;
				ASSETCATALOG_COMPILER_GLOBAL_ACCENT_COLOR_NAME = AccentColor;
				CODE_SIGN_STYLE = Automatic;
				CURRENT_PROJECT_VERSION = 1;
				DEVELOPMENT_ASSET_PATHS = "\"PaginateAPI/Preview Content\"";
				DEVELOPMENT_TEAM = ZW257C9QUL;
				ENABLE_PREVIEWS = YES;
				GENERATE_INFOPLIST_FILE = YES;
				INFOPLIST_KEY_UIApplicationSceneManifest_Generation = YES;
				INFOPLIST_KEY_UIApplicationSupportsIndirectInputEvents = YES;
				INFOPLIST_KEY_UILaunchScreen_Generation = YES;
				INFOPLIST_KEY_UISupportedInterfaceOrientations_iPad = "UIInterfaceOrientationPortrait UIInterfaceOrientationPortraitUpsideDown UIInterfaceOrientationLandscapeLeft UIInterfaceOrientationLandscapeRight";
				INFOPLIST_KEY_UISupportedInterfaceOrientations_iPhone = "UIInterfaceOrientationPortrait UIInterfaceOrientationLandscapeLeft UIInterfaceOrientationLandscapeRight";
				LD_RUNPATH_SEARCH_PATHS = (
					"$(inherited)",
					"@executable_path/Frameworks",
				);
				MARKETING_VERSION = 1.0;
				PRODUCT_BUNDLE_IDENTIFIER = thatspock.PaginateAPI;
				PRODUCT_NAME = "$(TARGET_NAME)";
				SWIFT_EMIT_LOC_STRINGS = YES;
				SWIFT_VERSION = 5.0;
				TARGETED_DEVICE_FAMILY = "1,2";
			};
			name = Release;
		};
		111F5BFB2861EAF8003FC6A5 /* Debug */ = {
			isa = XCBuildConfiguration;
			buildSettings = {
				ALWAYS_EMBED_SWIFT_STANDARD_LIBRARIES = YES;
				BUNDLE_LOADER = "$(TEST_HOST)";
				CODE_SIGN_STYLE = Automatic;
				CURRENT_PROJECT_VERSION = 1;
				DEVELOPMENT_TEAM = ZW257C9QUL;
				GENERATE_INFOPLIST_FILE = YES;
				IPHONEOS_DEPLOYMENT_TARGET = 15.0;
				LD_RUNPATH_SEARCH_PATHS = (
					"$(inherited)",
					"@executable_path/Frameworks",
					"@loader_path/Frameworks",
				);
				MARKETING_VERSION = 1.0;
				PRODUCT_BUNDLE_IDENTIFIER = thatspock.PaginateAPITests;
				PRODUCT_NAME = "$(TARGET_NAME)";
				SWIFT_EMIT_LOC_STRINGS = NO;
				SWIFT_VERSION = 5.0;
				TARGETED_DEVICE_FAMILY = "1,2";
				TEST_HOST = "$(BUILT_PRODUCTS_DIR)/PaginateAPI.app/PaginateAPI";
			};
			name = Debug;
		};
		111F5BFC2861EAF8003FC6A5 /* Release */ = {
			isa = XCBuildConfiguration;
			buildSettings = {
				ALWAYS_EMBED_SWIFT_STANDARD_LIBRARIES = YES;
				BUNDLE_LOADER = "$(TEST_HOST)";
				CODE_SIGN_STYLE = Automatic;
				CURRENT_PROJECT_VERSION = 1;
				DEVELOPMENT_TEAM = ZW257C9QUL;
				GENERATE_INFOPLIST_FILE = YES;
				IPHONEOS_DEPLOYMENT_TARGET = 15.0;
				LD_RUNPATH_SEARCH_PATHS = (
					"$(inherited)",
					"@executable_path/Frameworks",
					"@loader_path/Frameworks",
				);
				MARKETING_VERSION = 1.0;
				PRODUCT_BUNDLE_IDENTIFIER = thatspock.PaginateAPITests;
				PRODUCT_NAME = "$(TARGET_NAME)";
				SWIFT_EMIT_LOC_STRINGS = NO;
				SWIFT_VERSION = 5.0;
				TARGETED_DEVICE_FAMILY = "1,2";
				TEST_HOST = "$(BUILT_PRODUCTS_DIR)/PaginateAPI.app/PaginateAPI";
			};
			name = Release;
		};
		111F5BFE2861EAF8003FC6A5 /* Debug */ = {
			isa = XCBuildConfiguration;
			buildSettings = {
				ALWAYS_EMBED_SWIFT_STANDARD_LIBRARIES = YES;
				CODE_SIGN_STYLE = Automatic;
				CURRENT_PROJECT_VERSION = 1;
				DEVELOPMENT_TEAM = ZW257C9QUL;
				GENERATE_INFOPLIST_FILE = YES;
				LD_RUNPATH_SEARCH_PATHS = (
					"$(inherited)",
					"@executable_path/Frameworks",
					"@loader_path/Frameworks",
				);
				MARKETING_VERSION = 1.0;
				PRODUCT_BUNDLE_IDENTIFIER = thatspock.PaginateAPIUITests;
				PRODUCT_NAME = "$(TARGET_NAME)";
				SWIFT_EMIT_LOC_STRINGS = NO;
				SWIFT_VERSION = 5.0;
				TARGETED_DEVICE_FAMILY = "1,2";
				TEST_TARGET_NAME = PaginateAPI;
			};
			name = Debug;
		};
		111F5BFF2861EAF8003FC6A5 /* Release */ = {
			isa = XCBuildConfiguration;
			buildSettings = {
				ALWAYS_EMBED_SWIFT_STANDARD_LIBRARIES = YES;
				CODE_SIGN_STYLE = Automatic;
				CURRENT_PROJECT_VERSION = 1;
				DEVELOPMENT_TEAM = ZW257C9QUL;
				GENERATE_INFOPLIST_FILE = YES;
				LD_RUNPATH_SEARCH_PATHS = (
					"$(inherited)",
					"@executable_path/Frameworks",
					"@loader_path/Frameworks",
				);
				MARKETING_VERSION = 1.0;
				PRODUCT_BUNDLE_IDENTIFIER = thatspock.PaginateAPIUITests;
				PRODUCT_NAME = "$(TARGET_NAME)";
				SWIFT_EMIT_LOC_STRINGS = NO;
				SWIFT_VERSION = 5.0;
				TARGETED_DEVICE_FAMILY = "1,2";
				TEST_TARGET_NAME = PaginateAPI;
			};
			name = Release;
		};
/* End XCBuildConfiguration section */

/* Begin XCConfigurationList section */
		111F5BCE2861EAF2003FC6A5 /* Build configuration list for PBXProject "PaginateAPI" */ = {
			isa = XCConfigurationList;
			buildConfigurations = (
				111F5BF52861EAF8003FC6A5 /* Debug */,
				111F5BF62861EAF8003FC6A5 /* Release */,
			);
			defaultConfigurationIsVisible = 0;
			defaultConfigurationName = Release;
		};
		111F5BF72861EAF8003FC6A5 /* Build configuration list for PBXNativeTarget "PaginateAPI" */ = {
			isa = XCConfigurationList;
			buildConfigurations = (
				111F5BF82861EAF8003FC6A5 /* Debug */,
				111F5BF92861EAF8003FC6A5 /* Release */,
			);
			defaultConfigurationIsVisible = 0;
			defaultConfigurationName = Release;
		};
		111F5BFA2861EAF8003FC6A5 /* Build configuration list for PBXNativeTarget "PaginateAPITests" */ = {
			isa = XCConfigurationList;
			buildConfigurations = (
				111F5BFB2861EAF8003FC6A5 /* Debug */,
				111F5BFC2861EAF8003FC6A5 /* Release */,
			);
			defaultConfigurationIsVisible = 0;
			defaultConfigurationName = Release;
		};
		111F5BFD2861EAF8003FC6A5 /* Build configuration list for PBXNativeTarget "PaginateAPIUITests" */ = {
			isa = XCConfigurationList;
			buildConfigurations = (
				111F5BFE2861EAF8003FC6A5 /* Debug */,
				111F5BFF2861EAF8003FC6A5 /* Release */,
			);
			defaultConfigurationIsVisible = 0;
			defaultConfigurationName = Release;
		};
/* End XCConfigurationList section */
	};
	rootObject = 111F5BCB2861EAF2003FC6A5 /* Project object */;
}
