// !$*UTF8*$!
{
	archiveVersion = 1;
	classes = {
	};
	objectVersion = 55;
	objects = {

/* Begin PBXBuildFile section */
		110BF7352858F9C100347205 /* Test_NavigationApp.swift in Sources */ = {isa = PBXBuildFile; fileRef = 110BF7342858F9C100347205 /* Test_NavigationApp.swift */; };
		110BF7372858F9C100347205 /* ContentView.swift in Sources */ = {isa = PBXBuildFile; fileRef = 110BF7362858F9C100347205 /* ContentView.swift */; };
		110BF7392858F9C300347205 /* Assets.xcassets in Resources */ = {isa = PBXBuildFile; fileRef = 110BF7382858F9C300347205 /* Assets.xcassets */; };
		110BF73C2858F9C300347205 /* Preview Assets.xcassets in Resources */ = {isa = PBXBuildFile; fileRef = 110BF73B2858F9C300347205 /* Preview Assets.xcassets */; };
		110BF7462858F9C300347205 /* Test_NavigationTests.swift in Sources */ = {isa = PBXBuildFile; fileRef = 110BF7452858F9C300347205 /* Test_NavigationTests.swift */; };
		110BF7502858F9C300347205 /* Test_NavigationUITests.swift in Sources */ = {isa = PBXBuildFile; fileRef = 110BF74F2858F9C300347205 /* Test_NavigationUITests.swift */; };
		110BF7522858F9C300347205 /* Test_NavigationUITestsLaunchTests.swift in Sources */ = {isa = PBXBuildFile; fileRef = 110BF7512858F9C300347205 /* Test_NavigationUITestsLaunchTests.swift */; };
/* End PBXBuildFile section */

/* Begin PBXContainerItemProxy section */
		110BF7422858F9C300347205 /* PBXContainerItemProxy */ = {
			isa = PBXContainerItemProxy;
			containerPortal = 110BF7292858F9C100347205 /* Project object */;
			proxyType = 1;
			remoteGlobalIDString = 110BF7302858F9C100347205;
			remoteInfo = "Test-Navigation";
		};
		110BF74C2858F9C300347205 /* PBXContainerItemProxy */ = {
			isa = PBXContainerItemProxy;
			containerPortal = 110BF7292858F9C100347205 /* Project object */;
			proxyType = 1;
			remoteGlobalIDString = 110BF7302858F9C100347205;
			remoteInfo = "Test-Navigation";
		};
/* End PBXContainerItemProxy section */

/* Begin PBXFileReference section */
		110BF7312858F9C100347205 /* Test-Navigation.app */ = {isa = PBXFileReference; explicitFileType = wrapper.application; includeInIndex = 0; path = "Test-Navigation.app"; sourceTree = BUILT_PRODUCTS_DIR; };
		110BF7342858F9C100347205 /* Test_NavigationApp.swift */ = {isa = PBXFileReference; lastKnownFileType = sourcecode.swift; path = Test_NavigationApp.swift; sourceTree = "<group>"; };
		110BF7362858F9C100347205 /* ContentView.swift */ = {isa = PBXFileReference; lastKnownFileType = sourcecode.swift; path = ContentView.swift; sourceTree = "<group>"; };
		110BF7382858F9C300347205 /* Assets.xcassets */ = {isa = PBXFileReference; lastKnownFileType = folder.assetcatalog; path = Assets.xcassets; sourceTree = "<group>"; };
		110BF73B2858F9C300347205 /* Preview Assets.xcassets */ = {isa = PBXFileReference; lastKnownFileType = folder.assetcatalog; path = "Preview Assets.xcassets"; sourceTree = "<group>"; };
		110BF7412858F9C300347205 /* Test-NavigationTests.xctest */ = {isa = PBXFileReference; explicitFileType = wrapper.cfbundle; includeInIndex = 0; path = "Test-NavigationTests.xctest"; sourceTree = BUILT_PRODUCTS_DIR; };
		110BF7452858F9C300347205 /* Test_NavigationTests.swift */ = {isa = PBXFileReference; lastKnownFileType = sourcecode.swift; path = Test_NavigationTests.swift; sourceTree = "<group>"; };
		110BF74B2858F9C300347205 /* Test-NavigationUITests.xctest */ = {isa = PBXFileReference; explicitFileType = wrapper.cfbundle; includeInIndex = 0; path = "Test-NavigationUITests.xctest"; sourceTree = BUILT_PRODUCTS_DIR; };
		110BF74F2858F9C300347205 /* Test_NavigationUITests.swift */ = {isa = PBXFileReference; lastKnownFileType = sourcecode.swift; path = Test_NavigationUITests.swift; sourceTree = "<group>"; };
		110BF7512858F9C300347205 /* Test_NavigationUITestsLaunchTests.swift */ = {isa = PBXFileReference; lastKnownFileType = sourcecode.swift; path = Test_NavigationUITestsLaunchTests.swift; sourceTree = "<group>"; };
/* End PBXFileReference section */

/* Begin PBXFrameworksBuildPhase section */
		110BF72E2858F9C100347205 /* Frameworks */ = {
			isa = PBXFrameworksBuildPhase;
			buildActionMask = 2147483647;
			files = (
			);
			runOnlyForDeploymentPostprocessing = 0;
		};
		110BF73E2858F9C300347205 /* Frameworks */ = {
			isa = PBXFrameworksBuildPhase;
			buildActionMask = 2147483647;
			files = (
			);
			runOnlyForDeploymentPostprocessing = 0;
		};
		110BF7482858F9C300347205 /* Frameworks */ = {
			isa = PBXFrameworksBuildPhase;
			buildActionMask = 2147483647;
			files = (
			);
			runOnlyForDeploymentPostprocessing = 0;
		};
/* End PBXFrameworksBuildPhase section */

/* Begin PBXGroup section */
		110BF7282858F9C100347205 = {
			isa = PBXGroup;
			children = (
				110BF7332858F9C100347205 /* Test-Navigation */,
				110BF7442858F9C300347205 /* Test-NavigationTests */,
				110BF74E2858F9C300347205 /* Test-NavigationUITests */,
				110BF7322858F9C100347205 /* Products */,
			);
			sourceTree = "<group>";
		};
		110BF7322858F9C100347205 /* Products */ = {
			isa = PBXGroup;
			children = (
				110BF7312858F9C100347205 /* Test-Navigation.app */,
				110BF7412858F9C300347205 /* Test-NavigationTests.xctest */,
				110BF74B2858F9C300347205 /* Test-NavigationUITests.xctest */,
			);
			name = Products;
			sourceTree = "<group>";
		};
		110BF7332858F9C100347205 /* Test-Navigation */ = {
			isa = PBXGroup;
			children = (
				110BF7342858F9C100347205 /* Test_NavigationApp.swift */,
				110BF7362858F9C100347205 /* ContentView.swift */,
				110BF7382858F9C300347205 /* Assets.xcassets */,
				110BF73A2858F9C300347205 /* Preview Content */,
			);
			path = "Test-Navigation";
			sourceTree = "<group>";
		};
		110BF73A2858F9C300347205 /* Preview Content */ = {
			isa = PBXGroup;
			children = (
				110BF73B2858F9C300347205 /* Preview Assets.xcassets */,
			);
			path = "Preview Content";
			sourceTree = "<group>";
		};
		110BF7442858F9C300347205 /* Test-NavigationTests */ = {
			isa = PBXGroup;
			children = (
				110BF7452858F9C300347205 /* Test_NavigationTests.swift */,
			);
			path = "Test-NavigationTests";
			sourceTree = "<group>";
		};
		110BF74E2858F9C300347205 /* Test-NavigationUITests */ = {
			isa = PBXGroup;
			children = (
				110BF74F2858F9C300347205 /* Test_NavigationUITests.swift */,
				110BF7512858F9C300347205 /* Test_NavigationUITestsLaunchTests.swift */,
			);
			path = "Test-NavigationUITests";
			sourceTree = "<group>";
		};
/* End PBXGroup section */

/* Begin PBXNativeTarget section */
		110BF7302858F9C100347205 /* Test-Navigation */ = {
			isa = PBXNativeTarget;
			buildConfigurationList = 110BF7552858F9C300347205 /* Build configuration list for PBXNativeTarget "Test-Navigation" */;
			buildPhases = (
				110BF72D2858F9C100347205 /* Sources */,
				110BF72E2858F9C100347205 /* Frameworks */,
				110BF72F2858F9C100347205 /* Resources */,
			);
			buildRules = (
			);
			dependencies = (
			);
			name = "Test-Navigation";
			productName = "Test-Navigation";
			productReference = 110BF7312858F9C100347205 /* Test-Navigation.app */;
			productType = "com.apple.product-type.application";
		};
		110BF7402858F9C300347205 /* Test-NavigationTests */ = {
			isa = PBXNativeTarget;
			buildConfigurationList = 110BF7582858F9C300347205 /* Build configuration list for PBXNativeTarget "Test-NavigationTests" */;
			buildPhases = (
				110BF73D2858F9C300347205 /* Sources */,
				110BF73E2858F9C300347205 /* Frameworks */,
				110BF73F2858F9C300347205 /* Resources */,
			);
			buildRules = (
			);
			dependencies = (
				110BF7432858F9C300347205 /* PBXTargetDependency */,
			);
			name = "Test-NavigationTests";
			productName = "Test-NavigationTests";
			productReference = 110BF7412858F9C300347205 /* Test-NavigationTests.xctest */;
			productType = "com.apple.product-type.bundle.unit-test";
		};
		110BF74A2858F9C300347205 /* Test-NavigationUITests */ = {
			isa = PBXNativeTarget;
			buildConfigurationList = 110BF75B2858F9C300347205 /* Build configuration list for PBXNativeTarget "Test-NavigationUITests" */;
			buildPhases = (
				110BF7472858F9C300347205 /* Sources */,
				110BF7482858F9C300347205 /* Frameworks */,
				110BF7492858F9C300347205 /* Resources */,
			);
			buildRules = (
			);
			dependencies = (
				110BF74D2858F9C300347205 /* PBXTargetDependency */,
			);
			name = "Test-NavigationUITests";
			productName = "Test-NavigationUITests";
			productReference = 110BF74B2858F9C300347205 /* Test-NavigationUITests.xctest */;
			productType = "com.apple.product-type.bundle.ui-testing";
		};
/* End PBXNativeTarget section */

/* Begin PBXProject section */
		110BF7292858F9C100347205 /* Project object */ = {
			isa = PBXProject;
			attributes = {
				BuildIndependentTargetsInParallel = 1;
				LastSwiftUpdateCheck = 1310;
				LastUpgradeCheck = 1310;
				TargetAttributes = {
					110BF7302858F9C100347205 = {
						CreatedOnToolsVersion = 13.1;
					};
					110BF7402858F9C300347205 = {
						CreatedOnToolsVersion = 13.1;
						TestTargetID = 110BF7302858F9C100347205;
					};
					110BF74A2858F9C300347205 = {
						CreatedOnToolsVersion = 13.1;
						TestTargetID = 110BF7302858F9C100347205;
					};
				};
			};
			buildConfigurationList = 110BF72C2858F9C100347205 /* Build configuration list for PBXProject "Test-Navigation" */;
			compatibilityVersion = "Xcode 13.0";
			developmentRegion = en;
			hasScannedForEncodings = 0;
			knownRegions = (
				en,
				Base,
			);
			mainGroup = 110BF7282858F9C100347205;
			productRefGroup = 110BF7322858F9C100347205 /* Products */;
			projectDirPath = "";
			projectRoot = "";
			targets = (
				110BF7302858F9C100347205 /* Test-Navigation */,
				110BF7402858F9C300347205 /* Test-NavigationTests */,
				110BF74A2858F9C300347205 /* Test-NavigationUITests */,
			);
		};
/* End PBXProject section */

/* Begin PBXResourcesBuildPhase section */
		110BF72F2858F9C100347205 /* Resources */ = {
			isa = PBXResourcesBuildPhase;
			buildActionMask = 2147483647;
			files = (
				110BF73C2858F9C300347205 /* Preview Assets.xcassets in Resources */,
				110BF7392858F9C300347205 /* Assets.xcassets in Resources */,
			);
			runOnlyForDeploymentPostprocessing = 0;
		};
		110BF73F2858F9C300347205 /* Resources */ = {
			isa = PBXResourcesBuildPhase;
			buildActionMask = 2147483647;
			files = (
			);
			runOnlyForDeploymentPostprocessing = 0;
		};
		110BF7492858F9C300347205 /* Resources */ = {
			isa = PBXResourcesBuildPhase;
			buildActionMask = 2147483647;
			files = (
			);
			runOnlyForDeploymentPostprocessing = 0;
		};
/* End PBXResourcesBuildPhase section */

/* Begin PBXSourcesBuildPhase section */
		110BF72D2858F9C100347205 /* Sources */ = {
			isa = PBXSourcesBuildPhase;
			buildActionMask = 2147483647;
			files = (
				110BF7372858F9C100347205 /* ContentView.swift in Sources */,
				110BF7352858F9C100347205 /* Test_NavigationApp.swift in Sources */,
			);
			runOnlyForDeploymentPostprocessing = 0;
		};
		110BF73D2858F9C300347205 /* Sources */ = {
			isa = PBXSourcesBuildPhase;
			buildActionMask = 2147483647;
			files = (
				110BF7462858F9C300347205 /* Test_NavigationTests.swift in Sources */,
			);
			runOnlyForDeploymentPostprocessing = 0;
		};
		110BF7472858F9C300347205 /* Sources */ = {
			isa = PBXSourcesBuildPhase;
			buildActionMask = 2147483647;
			files = (
				110BF7522858F9C300347205 /* Test_NavigationUITestsLaunchTests.swift in Sources */,
				110BF7502858F9C300347205 /* Test_NavigationUITests.swift in Sources */,
			);
			runOnlyForDeploymentPostprocessing = 0;
		};
/* End PBXSourcesBuildPhase section */

/* Begin PBXTargetDependency section */
		110BF7432858F9C300347205 /* PBXTargetDependency */ = {
			isa = PBXTargetDependency;
			target = 110BF7302858F9C100347205 /* Test-Navigation */;
			targetProxy = 110BF7422858F9C300347205 /* PBXContainerItemProxy */;
		};
		110BF74D2858F9C300347205 /* PBXTargetDependency */ = {
			isa = PBXTargetDependency;
			target = 110BF7302858F9C100347205 /* Test-Navigation */;
			targetProxy = 110BF74C2858F9C300347205 /* PBXContainerItemProxy */;
		};
/* End PBXTargetDependency section */

/* Begin XCBuildConfiguration section */
		110BF7532858F9C300347205 /* Debug */ = {
			isa = XCBuildConfiguration;
			buildSettings = {
				ALWAYS_SEARCH_USER_PATHS = NO;
				CLANG_ANALYZER_NONNULL = YES;
				CLANG_ANALYZER_NUMBER_OBJECT_CONVERSION = YES_AGGRESSIVE;
				CLANG_CXX_LANGUAGE_STANDARD = "gnu++17";
				CLANG_CXX_LIBRARY = "libc++";
				CLANG_ENABLE_MODULES = YES;
				CLANG_ENABLE_OBJC_ARC = YES;
				CLANG_ENABLE_OBJC_WEAK = YES;
				CLANG_WARN_BLOCK_CAPTURE_AUTORELEASING = YES;
				CLANG_WARN_BOOL_CONVERSION = YES;
				CLANG_WARN_COMMA = YES;
				CLANG_WARN_CONSTANT_CONVERSION = YES;
				CLANG_WARN_DEPRECATED_OBJC_IMPLEMENTATIONS = YES;
				CLANG_WARN_DIRECT_OBJC_ISA_USAGE = YES_ERROR;
				CLANG_WARN_DOCUMENTATION_COMMENTS = YES;
				CLANG_WARN_EMPTY_BODY = YES;
				CLANG_WARN_ENUM_CONVERSION = YES;
				CLANG_WARN_INFINITE_RECURSION = YES;
				CLANG_WARN_INT_CONVERSION = YES;
				CLANG_WARN_NON_LITERAL_NULL_CONVERSION = YES;
				CLANG_WARN_OBJC_IMPLICIT_RETAIN_SELF = YES;
				CLANG_WARN_OBJC_LITERAL_CONVERSION = YES;
				CLANG_WARN_OBJC_ROOT_CLASS = YES_ERROR;
				CLANG_WARN_QUOTED_INCLUDE_IN_FRAMEWORK_HEADER = YES;
				CLANG_WARN_RANGE_LOOP_ANALYSIS = YES;
				CLANG_WARN_STRICT_PROTOTYPES = YES;
				CLANG_WARN_SUSPICIOUS_MOVE = YES;
				CLANG_WARN_UNGUARDED_AVAILABILITY = YES_AGGRESSIVE;
				CLANG_WARN_UNREACHABLE_CODE = YES;
				CLANG_WARN__DUPLICATE_METHOD_MATCH = YES;
				COPY_PHASE_STRIP = NO;
				DEBUG_INFORMATION_FORMAT = dwarf;
				ENABLE_STRICT_OBJC_MSGSEND = YES;
				ENABLE_TESTABILITY = YES;
				GCC_C_LANGUAGE_STANDARD = gnu11;
				GCC_DYNAMIC_NO_PIC = NO;
				GCC_NO_COMMON_BLOCKS = YES;
				GCC_OPTIMIZATION_LEVEL = 0;
				GCC_PREPROCESSOR_DEFINITIONS = (
					"DEBUG=1",
					"$(inherited)",
				);
				GCC_WARN_64_TO_32_BIT_CONVERSION = YES;
				GCC_WARN_ABOUT_RETURN_TYPE = YES_ERROR;
				GCC_WARN_UNDECLARED_SELECTOR = YES;
				GCC_WARN_UNINITIALIZED_AUTOS = YES_AGGRESSIVE;
				GCC_WARN_UNUSED_FUNCTION = YES;
				GCC_WARN_UNUSED_VARIABLE = YES;
				IPHONEOS_DEPLOYMENT_TARGET = 15.0;
				MTL_ENABLE_DEBUG_INFO = INCLUDE_SOURCE;
				MTL_FAST_MATH = YES;
				ONLY_ACTIVE_ARCH = YES;
				SDKROOT = iphoneos;
				SWIFT_ACTIVE_COMPILATION_CONDITIONS = DEBUG;
				SWIFT_OPTIMIZATION_LEVEL = "-Onone";
			};
			name = Debug;
		};
		110BF7542858F9C300347205 /* Release */ = {
			isa = XCBuildConfiguration;
			buildSettings = {
				ALWAYS_SEARCH_USER_PATHS = NO;
				CLANG_ANALYZER_NONNULL = YES;
				CLANG_ANALYZER_NUMBER_OBJECT_CONVERSION = YES_AGGRESSIVE;
				CLANG_CXX_LANGUAGE_STANDARD = "gnu++17";
				CLANG_CXX_LIBRARY = "libc++";
				CLANG_ENABLE_MODULES = YES;
				CLANG_ENABLE_OBJC_ARC = YES;
				CLANG_ENABLE_OBJC_WEAK = YES;
				CLANG_WARN_BLOCK_CAPTURE_AUTORELEASING = YES;
				CLANG_WARN_BOOL_CONVERSION = YES;
				CLANG_WARN_COMMA = YES;
				CLANG_WARN_CONSTANT_CONVERSION = YES;
				CLANG_WARN_DEPRECATED_OBJC_IMPLEMENTATIONS = YES;
				CLANG_WARN_DIRECT_OBJC_ISA_USAGE = YES_ERROR;
				CLANG_WARN_DOCUMENTATION_COMMENTS = YES;
				CLANG_WARN_EMPTY_BODY = YES;
				CLANG_WARN_ENUM_CONVERSION = YES;
				CLANG_WARN_INFINITE_RECURSION = YES;
				CLANG_WARN_INT_CONVERSION = YES;
				CLANG_WARN_NON_LITERAL_NULL_CONVERSION = YES;
				CLANG_WARN_OBJC_IMPLICIT_RETAIN_SELF = YES;
				CLANG_WARN_OBJC_LITERAL_CONVERSION = YES;
				CLANG_WARN_OBJC_ROOT_CLASS = YES_ERROR;
				CLANG_WARN_QUOTED_INCLUDE_IN_FRAMEWORK_HEADER = YES;
				CLANG_WARN_RANGE_LOOP_ANALYSIS = YES;
				CLANG_WARN_STRICT_PROTOTYPES = YES;
				CLANG_WARN_SUSPICIOUS_MOVE = YES;
				CLANG_WARN_UNGUARDED_AVAILABILITY = YES_AGGRESSIVE;
				CLANG_WARN_UNREACHABLE_CODE = YES;
				CLANG_WARN__DUPLICATE_METHOD_MATCH = YES;
				COPY_PHASE_STRIP = NO;
				DEBUG_INFORMATION_FORMAT = "dwarf-with-dsym";
				ENABLE_NS_ASSERTIONS = NO;
				ENABLE_STRICT_OBJC_MSGSEND = YES;
				GCC_C_LANGUAGE_STANDARD = gnu11;
				GCC_NO_COMMON_BLOCKS = YES;
				GCC_WARN_64_TO_32_BIT_CONVERSION = YES;
				GCC_WARN_ABOUT_RETURN_TYPE = YES_ERROR;
				GCC_WARN_UNDECLARED_SELECTOR = YES;
				GCC_WARN_UNINITIALIZED_AUTOS = YES_AGGRESSIVE;
				GCC_WARN_UNUSED_FUNCTION = YES;
				GCC_WARN_UNUSED_VARIABLE = YES;
				IPHONEOS_DEPLOYMENT_TARGET = 15.0;
				MTL_ENABLE_DEBUG_INFO = NO;
				MTL_FAST_MATH = YES;
				SDKROOT = iphoneos;
				SWIFT_COMPILATION_MODE = wholemodule;
				SWIFT_OPTIMIZATION_LEVEL = "-O";
				VALIDATE_PRODUCT = YES;
			};
			name = Release;
		};
		110BF7562858F9C300347205 /* Debug */ = {
			isa = XCBuildConfiguration;
			buildSettings = {
				ASSETCATALOG_COMPILER_APPICON_NAME = AppIcon;
				ASSETCATALOG_COMPILER_GLOBAL_ACCENT_COLOR_NAME = AccentColor;
				CODE_SIGN_STYLE = Automatic;
				CURRENT_PROJECT_VERSION = 1;
				DEVELOPMENT_ASSET_PATHS = "\"Test-Navigation/Preview Content\"";
				DEVELOPMENT_TEAM = ZW257C9QUL;
				ENABLE_PREVIEWS = YES;
				GENERATE_INFOPLIST_FILE = YES;
				INFOPLIST_KEY_UIApplicationSceneManifest_Generation = YES;
				INFOPLIST_KEY_UIApplicationSupportsIndirectInputEvents = YES;
				INFOPLIST_KEY_UILaunchScreen_Generation = YES;
				INFOPLIST_KEY_UISupportedInterfaceOrientations_iPad = "UIInterfaceOrientationPortrait UIInterfaceOrientationPortraitUpsideDown UIInterfaceOrientationLandscapeLeft UIInterfaceOrientationLandscapeRight";
				INFOPLIST_KEY_UISupportedInterfaceOrientations_iPhone = "UIInterfaceOrientationPortrait UIInterfaceOrientationLandscapeLeft UIInterfaceOrientationLandscapeRight";
				LD_RUNPATH_SEARCH_PATHS = (
					"$(inherited)",
					"@executable_path/Frameworks",
				);
				MARKETING_VERSION = 1.0;
				PRODUCT_BUNDLE_IDENTIFIER = "thatspock.Test-Navigation";
				PRODUCT_NAME = "$(TARGET_NAME)";
				SWIFT_EMIT_LOC_STRINGS = YES;
				SWIFT_VERSION = 5.0;
				TARGETED_DEVICE_FAMILY = "1,2";
			};
			name = Debug;
		};
		110BF7572858F9C300347205 /* Release */ = {
			isa = XCBuildConfiguration;
			buildSettings = {
				ASSETCATALOG_COMPILER_APPICON_NAME = AppIcon;
				ASSETCATALOG_COMPILER_GLOBAL_ACCENT_COLOR_NAME = AccentColor;
				CODE_SIGN_STYLE = Automatic;
				CURRENT_PROJECT_VERSION = 1;
				DEVELOPMENT_ASSET_PATHS = "\"Test-Navigation/Preview Content\"";
				DEVELOPMENT_TEAM = ZW257C9QUL;
				ENABLE_PREVIEWS = YES;
				GENERATE_INFOPLIST_FILE = YES;
				INFOPLIST_KEY_UIApplicationSceneManifest_Generation = YES;
				INFOPLIST_KEY_UIApplicationSupportsIndirectInputEvents = YES;
				INFOPLIST_KEY_UILaunchScreen_Generation = YES;
				INFOPLIST_KEY_UISupportedInterfaceOrientations_iPad = "UIInterfaceOrientationPortrait UIInterfaceOrientationPortraitUpsideDown UIInterfaceOrientationLandscapeLeft UIInterfaceOrientationLandscapeRight";
				INFOPLIST_KEY_UISupportedInterfaceOrientations_iPhone = "UIInterfaceOrientationPortrait UIInterfaceOrientationLandscapeLeft UIInterfaceOrientationLandscapeRight";
				LD_RUNPATH_SEARCH_PATHS = (
					"$(inherited)",
					"@executable_path/Frameworks",
				);
				MARKETING_VERSION = 1.0;
				PRODUCT_BUNDLE_IDENTIFIER = "thatspock.Test-Navigation";
				PRODUCT_NAME = "$(TARGET_NAME)";
				SWIFT_EMIT_LOC_STRINGS = YES;
				SWIFT_VERSION = 5.0;
				TARGETED_DEVICE_FAMILY = "1,2";
			};
			name = Release;
		};
		110BF7592858F9C300347205 /* Debug */ = {
			isa = XCBuildConfiguration;
			buildSettings = {
				ALWAYS_EMBED_SWIFT_STANDARD_LIBRARIES = YES;
				BUNDLE_LOADER = "$(TEST_HOST)";
				CODE_SIGN_STYLE = Automatic;
				CURRENT_PROJECT_VERSION = 1;
				DEVELOPMENT_TEAM = ZW257C9QUL;
				GENERATE_INFOPLIST_FILE = YES;
				IPHONEOS_DEPLOYMENT_TARGET = 15.0;
				LD_RUNPATH_SEARCH_PATHS = (
					"$(inherited)",
					"@executable_path/Frameworks",
					"@loader_path/Frameworks",
				);
				MARKETING_VERSION = 1.0;
				PRODUCT_BUNDLE_IDENTIFIER = "thatspock.Test-NavigationTests";
				PRODUCT_NAME = "$(TARGET_NAME)";
				SWIFT_EMIT_LOC_STRINGS = NO;
				SWIFT_VERSION = 5.0;
				TARGETED_DEVICE_FAMILY = "1,2";
				TEST_HOST = "$(BUILT_PRODUCTS_DIR)/Test-Navigation.app/Test-Navigation";
			};
			name = Debug;
		};
		110BF75A2858F9C300347205 /* Release */ = {
			isa = XCBuildConfiguration;
			buildSettings = {
				ALWAYS_EMBED_SWIFT_STANDARD_LIBRARIES = YES;
				BUNDLE_LOADER = "$(TEST_HOST)";
				CODE_SIGN_STYLE = Automatic;
				CURRENT_PROJECT_VERSION = 1;
				DEVELOPMENT_TEAM = ZW257C9QUL;
				GENERATE_INFOPLIST_FILE = YES;
				IPHONEOS_DEPLOYMENT_TARGET = 15.0;
				LD_RUNPATH_SEARCH_PATHS = (
					"$(inherited)",
					"@executable_path/Frameworks",
					"@loader_path/Frameworks",
				);
				MARKETING_VERSION = 1.0;
				PRODUCT_BUNDLE_IDENTIFIER = "thatspock.Test-NavigationTests";
				PRODUCT_NAME = "$(TARGET_NAME)";
				SWIFT_EMIT_LOC_STRINGS = NO;
				SWIFT_VERSION = 5.0;
				TARGETED_DEVICE_FAMILY = "1,2";
				TEST_HOST = "$(BUILT_PRODUCTS_DIR)/Test-Navigation.app/Test-Navigation";
			};
			name = Release;
		};
		110BF75C2858F9C300347205 /* Debug */ = {
			isa = XCBuildConfiguration;
			buildSettings = {
				ALWAYS_EMBED_SWIFT_STANDARD_LIBRARIES = YES;
				CODE_SIGN_STYLE = Automatic;
				CURRENT_PROJECT_VERSION = 1;
				DEVELOPMENT_TEAM = ZW257C9QUL;
				GENERATE_INFOPLIST_FILE = YES;
				LD_RUNPATH_SEARCH_PATHS = (
					"$(inherited)",
					"@executable_path/Frameworks",
					"@loader_path/Frameworks",
				);
				MARKETING_VERSION = 1.0;
				PRODUCT_BUNDLE_IDENTIFIER = "thatspock.Test-NavigationUITests";
				PRODUCT_NAME = "$(TARGET_NAME)";
				SWIFT_EMIT_LOC_STRINGS = NO;
				SWIFT_VERSION = 5.0;
				TARGETED_DEVICE_FAMILY = "1,2";
				TEST_TARGET_NAME = "Test-Navigation";
			};
			name = Debug;
		};
		110BF75D2858F9C300347205 /* Release */ = {
			isa = XCBuildConfiguration;
			buildSettings = {
				ALWAYS_EMBED_SWIFT_STANDARD_LIBRARIES = YES;
				CODE_SIGN_STYLE = Automatic;
				CURRENT_PROJECT_VERSION = 1;
				DEVELOPMENT_TEAM = ZW257C9QUL;
				GENERATE_INFOPLIST_FILE = YES;
				LD_RUNPATH_SEARCH_PATHS = (
					"$(inherited)",
					"@executable_path/Frameworks",
					"@loader_path/Frameworks",
				);
				MARKETING_VERSION = 1.0;
				PRODUCT_BUNDLE_IDENTIFIER = "thatspock.Test-NavigationUITests";
				PRODUCT_NAME = "$(TARGET_NAME)";
				SWIFT_EMIT_LOC_STRINGS = NO;
				SWIFT_VERSION = 5.0;
				TARGETED_DEVICE_FAMILY = "1,2";
				TEST_TARGET_NAME = "Test-Navigation";
			};
			name = Release;
		};
/* End XCBuildConfiguration section */

/* Begin XCConfigurationList section */
		110BF72C2858F9C100347205 /* Build configuration list for PBXProject "Test-Navigation" */ = {
			isa = XCConfigurationList;
			buildConfigurations = (
				110BF7532858F9C300347205 /* Debug */,
				110BF7542858F9C300347205 /* Release */,
			);
			defaultConfigurationIsVisible = 0;
			defaultConfigurationName = Release;
		};
		110BF7552858F9C300347205 /* Build configuration list for PBXNativeTarget "Test-Navigation" */ = {
			isa = XCConfigurationList;
			buildConfigurations = (
				110BF7562858F9C300347205 /* Debug */,
				110BF7572858F9C300347205 /* Release */,
			);
			defaultConfigurationIsVisible = 0;
			defaultConfigurationName = Release;
		};
		110BF7582858F9C300347205 /* Build configuration list for PBXNativeTarget "Test-NavigationTests" */ = {
			isa = XCConfigurationList;
			buildConfigurations = (
				110BF7592858F9C300347205 /* Debug */,
				110BF75A2858F9C300347205 /* Release */,
			);
			defaultConfigurationIsVisible = 0;
			defaultConfigurationName = Release;
		};
		110BF75B2858F9C300347205 /* Build configuration list for PBXNativeTarget "Test-NavigationUITests" */ = {
			isa = XCConfigurationList;
			buildConfigurations = (
				110BF75C2858F9C300347205 /* Debug */,
				110BF75D2858F9C300347205 /* Release */,
			);
			defaultConfigurationIsVisible = 0;
			defaultConfigurationName = Release;
		};
/* End XCConfigurationList section */
	};
	rootObject = 110BF7292858F9C100347205 /* Project object */;
}
